
Microsoft Visual Studio Solution File, Format Version 12.00
# Visual Studio Version 17
VisualStudioVersion = 17.9.34616.47
MinimumVisualStudioVersion = 10.0.40219.1
Project("{FAE04EC0-301F-11D3-BF4B-00C04F79EFBC}") = "PM_Client", "PM_Client\PM_Client.csproj", "{7325E698-CA04-456D-9E72-95851E6A3BA1}"
EndProject
Project("{FAE04EC0-301F-11D3-BF4B-00C04F79EFBC}") = "PM_Server", "PM_Server\PM_Server.csproj", "{1CEE7817-1069-41A1-B0DB-9D946965A539}"
EndProject
Global
	GlobalSection(SolutionConfigurationPlatforms) = preSolution
		Debug|Any CPU = Debug|Any CPU
		Release|Any CPU = Release|Any CPU
	EndGlobalSection
	GlobalSection(ProjectConfigurationPlatforms) = postSolution
		{7325E698-CA04-456D-9E72-95851E6A3BA1}.Debug|Any CPU.ActiveCfg = Debug|Any CPU
		{7325E698-CA04-456D-9E72-95851E6A3BA1}.Debug|Any CPU.Build.0 = Debug|Any CPU
		{7325E698-CA04-456D-9E72-95851E6A3BA1}.Release|Any CPU.ActiveCfg = Release|Any CPU
		{7325E698-CA04-456D-9E72-95851E6A3BA1}.Release|Any CPU.Build.0 = Release|Any CPU
		{1CEE7817-1069-41A1-B0DB-9D946965A539}.Debug|Any CPU.ActiveCfg = Debug|Any CPU
		{1CEE7817-1069-41A1-B0DB-9D946965A539}.Debug|Any CPU.Build.0 = Debug|Any CPU
		{1CEE7817-1069-41A1-B0DB-9D946965A539}.Release|Any CPU.ActiveCfg = Release|Any CPU
		{1CEE7817-1069-41A1-B0DB-9D946965A539}.Release|Any CPU.Build.0 = Release|Any CPU
	EndGlobalSection
	GlobalSection(SolutionProperties) = preSolution
		HideSolutionNode = FALSE
	EndGlobalSection
	GlobalSection(ExtensibilityGlobals) = postSolution
		SolutionGuid = {1ED5FD79-B26F-467B-AA7A-18245E83878C}
	EndGlobalSection
EndGlobal
